// !$*UTF8*$!
{
	archiveVersion = 1;
	classes = {
	};
	objectVersion = 46;
	objects = {

/* Begin PBXBuildFile section */
		EFD7CC291DDCDE790041FB72 /* AppDelegate.swift in Sources */ = {isa = PBXBuildFile; fileRef = EFD7CC281DDCDE790041FB72 /* AppDelegate.swift */; };
		EFD7CC2B1DDCDE790041FB72 /* ViewController.swift in Sources */ = {isa = PBXBuildFile; fileRef = EFD7CC2A1DDCDE790041FB72 /* ViewController.swift */; };
		EFD7CC2E1DDCDE790041FB72 /* Main.storyboard in Resources */ = {isa = PBXBuildFile; fileRef = EFD7CC2C1DDCDE790041FB72 /* Main.storyboard */; };
		EFD7CC301DDCDE790041FB72 /* Assets.xcassets in Resources */ = {isa = PBXBuildFile; fileRef = EFD7CC2F1DDCDE790041FB72 /* Assets.xcassets */; };
		EFD7CC331DDCDE790041FB72 /* LaunchScreen.storyboard in Resources */ = {isa = PBXBuildFile; fileRef = EFD7CC311DDCDE790041FB72 /* LaunchScreen.storyboard */; };
		EFD7CC3B1DDE32BA0041FB72 /* CalculationTableTableViewController.swift in Sources */ = {isa = PBXBuildFile; fileRef = EFD7CC3A1DDE32BA0041FB72 /* CalculationTableTableViewController.swift */; };
		EFD7CC3D1DDE32D80041FB72 /* CalculationTableViewCell.swift in Sources */ = {isa = PBXBuildFile; fileRef = EFD7CC3C1DDE32D80041FB72 /* CalculationTableViewCell.swift */; };
/* End PBXBuildFile section */

/* Begin PBXFileReference section */
		EFD7CC251DDCDE790041FB72 /* SmartCalculator.app */ = {isa = PBXFileReference; explicitFileType = wrapper.application; includeInIndex = 0; path = SmartCalculator.app; sourceTree = BUILT_PRODUCTS_DIR; };
		EFD7CC281DDCDE790041FB72 /* AppDelegate.swift */ = {isa = PBXFileReference; lastKnownFileType = sourcecode.swift; path = AppDelegate.swift; sourceTree = "<group>"; };
		EFD7CC2A1DDCDE790041FB72 /* ViewController.swift */ = {isa = PBXFileReference; lastKnownFileType = sourcecode.swift; path = ViewController.swift; sourceTree = "<group>"; };
		EFD7CC2D1DDCDE790041FB72 /* Base */ = {isa = PBXFileReference; lastKnownFileType = file.storyboard; name = Base; path = Base.lproj/Main.storyboard; sourceTree = "<group>"; };
		EFD7CC2F1DDCDE790041FB72 /* Assets.xcassets */ = {isa = PBXFileReference; lastKnownFileType = folder.assetcatalog; path = Assets.xcassets; sourceTree = "<group>"; };
		EFD7CC321DDCDE790041FB72 /* Base */ = {isa = PBXFileReference; lastKnownFileType = file.storyboard; name = Base; path = Base.lproj/LaunchScreen.storyboard; sourceTree = "<group>"; };
		EFD7CC341DDCDE790041FB72 /* Info.plist */ = {isa = PBXFileReference; lastKnownFileType = text.plist.xml; path = Info.plist; sourceTree = "<group>"; };
		EFD7CC3A1DDE32BA0041FB72 /* CalculationTableTableViewController.swift */ = {isa = PBXFileReference; fileEncoding = 4; lastKnownFileType = sourcecode.swift; path = CalculationTableTableViewController.swift; sourceTree = "<group>"; };
		EFD7CC3C1DDE32D80041FB72 /* CalculationTableViewCell.swift */ = {isa = PBXFileReference; fileEncoding = 4; lastKnownFileType = sourcecode.swift; path = CalculationTableViewCell.swift; sourceTree = "<group>"; };
/* End PBXFileReference section */

/* Begin PBXFrameworksBuildPhase section */
		EFD7CC221DDCDE790041FB72 /* Frameworks */ = {
			isa = PBXFrameworksBuildPhase;
			buildActionMask = 2147483647;
			files = (
			);
			runOnlyForDeploymentPostprocessing = 0;
		};
/* End PBXFrameworksBuildPhase section */

/* Begin PBXGroup section */
		EFD7CC1C1DDCDE790041FB72 = {
			isa = PBXGroup;
			children = (
				EFD7CC271DDCDE790041FB72 /* SmartCalculator */,
				EFD7CC261DDCDE790041FB72 /* Products */,
			);
			sourceTree = "<group>";
		};
		EFD7CC261DDCDE790041FB72 /* Products */ = {
			isa = PBXGroup;
			children = (
				EFD7CC251DDCDE790041FB72 /* SmartCalculator.app */,
			);
			name = Products;
			sourceTree = "<group>";
		};
		EFD7CC271DDCDE790041FB72 /* SmartCalculator */ = {
			isa = PBXGroup;
			children = (
				EFD7CC281DDCDE790041FB72 /* AppDelegate.swift */,
				EFD7CC2A1DDCDE790041FB72 /* ViewController.swift */,
				EFD7CC3A1DDE32BA0041FB72 /* CalculationTableTableViewController.swift */,
				EFD7CC3C1DDE32D80041FB72 /* CalculationTableViewCell.swift */,
				EFD7CC2C1DDCDE790041FB72 /* Main.storyboard */,
				EFD7CC2F1DDCDE790041FB72 /* Assets.xcassets */,
				EFD7CC311DDCDE790041FB72 /* LaunchScreen.storyboard */,
				EFD7CC341DDCDE790041FB72 /* Info.plist */,
			);
			path = SmartCalculator;
			sourceTree = "<group>";
		};
/* End PBXGroup section */

/* Begin PBXNativeTarget section */
		EFD7CC241DDCDE790041FB72 /* SmartCalculator */ = {
			isa = PBXNativeTarget;
			buildConfigurationList = EFD7CC371DDCDE790041FB72 /* Build configuration list for PBXNativeTarget "SmartCalculator" */;
			buildPhases = (
				EFD7CC211DDCDE790041FB72 /* Sources */,
				EFD7CC221DDCDE790041FB72 /* Frameworks */,
				EFD7CC231DDCDE790041FB72 /* Resources */,
			);
			buildRules = (
			);
			dependencies = (
			);
			name = SmartCalculator;
			productName = SmartCalculator;
			productReference = EFD7CC251DDCDE790041FB72 /* SmartCalculator.app */;
			productType = "com.apple.product-type.application";
		};
/* End PBXNativeTarget section */

/* Begin PBXProject section */
		EFD7CC1D1DDCDE790041FB72 /* Project object */ = {
			isa = PBXProject;
			attributes = {
				LastSwiftUpdateCheck = 0800;
				LastUpgradeCheck = 0800;
				ORGANIZATIONNAME = "Sam Lee";
				TargetAttributes = {
					EFD7CC241DDCDE790041FB72 = {
						CreatedOnToolsVersion = 8.0;
						ProvisioningStyle = Automatic;
					};
				};
			};
			buildConfigurationList = EFD7CC201DDCDE790041FB72 /* Build configuration list for PBXProject "SmartCalculator" */;
			compatibilityVersion = "Xcode 3.2";
			developmentRegion = English;
			hasScannedForEncodings = 0;
			knownRegions = (
				en,
				Base,
			);
			mainGroup = EFD7CC1C1DDCDE790041FB72;
			productRefGroup = EFD7CC261DDCDE790041FB72 /* Products */;
			projectDirPath = "";
			projectRoot = "";
			targets = (
				EFD7CC241DDCDE790041FB72 /* SmartCalculator */,
			);
		};
/* End PBXProject section */

/* Begin PBXResourcesBuildPhase section */
		EFD7CC231DDCDE790041FB72 /* Resources */ = {
			isa = PBXResourcesBuildPhase;
			buildActionMask = 2147483647;
			files = (
				EFD7CC331DDCDE790041FB72 /* LaunchScreen.storyboard in Resources */,
				EFD7CC301DDCDE790041FB72 /* Assets.xcassets in Resources */,
				EFD7CC2E1DDCDE790041FB72 /* Main.storyboard in Resources */,
			);
			runOnlyForDeploymentPostprocessing = 0;
		};
/* End PBXResourcesBuildPhase section */

/* Begin PBXSourcesBuildPhase section */
		EFD7CC211DDCDE790041FB72 /* Sources */ = {
			isa = PBXSourcesBuildPhase;
			buildActionMask = 2147483647;
			files = (
				EFD7CC2B1DDCDE790041FB72 /* ViewController.swift in Sources */,
				EFD7CC3B1DDE32BA0041FB72 /* CalculationTableTableViewController.swift in Sources */,
				EFD7CC291DDCDE790041FB72 /* AppDelegate.swift in Sources */,
				EFD7CC3D1DDE32D80041FB72 /* CalculationTableViewCell.swift in Sources */,
			);
			runOnlyForDeploymentPostprocessing = 0;
		};
/* End PBXSourcesBuildPhase section */

/* Begin PBXVariantGroup section */
		EFD7CC2C1DDCDE790041FB72 /* Main.storyboard */ = {
			isa = PBXVariantGroup;
			children = (
				EFD7CC2D1DDCDE790041FB72 /* Base */,
			);
			name = Main.storyboard;
			sourceTree = "<group>";
		};
		EFD7CC311DDCDE790041FB72 /* LaunchScreen.storyboard */ = {
			isa = PBXVariantGroup;
			children = (
				EFD7CC321DDCDE790041FB72 /* Base */,
			);
			name = LaunchScreen.storyboard;
			sourceTree = "<group>";
		};
/* End PBXVariantGroup section */

/* Begin XCBuildConfiguration section */
		EFD7CC351DDCDE790041FB72 /* Debug */ = {
			isa = XCBuildConfiguration;
			buildSettings = {
				ALWAYS_SEARCH_USER_PATHS = NO;
				CLANG_ANALYZER_NONNULL = YES;
				CLANG_CXX_LANGUAGE_STANDARD = "gnu++0x";
				CLANG_CXX_LIBRARY = "libc++";
				CLANG_ENABLE_MODULES = YES;
				CLANG_ENABLE_OBJC_ARC = YES;
				CLANG_WARN_BOOL_CONVERSION = YES;
				CLANG_WARN_CONSTANT_CONVERSION = YES;
				CLANG_WARN_DIRECT_OBJC_ISA_USAGE = YES_ERROR;
				CLANG_WARN_DOCUMENTATION_COMMENTS = YES;
				CLANG_WARN_EMPTY_BODY = YES;
				CLANG_WARN_ENUM_CONVERSION = YES;
				CLANG_WARN_INFINITE_RECURSION = YES;
				CLANG_WARN_INT_CONVERSION = YES;
				CLANG_WARN_OBJC_ROOT_CLASS = YES_ERROR;
				CLANG_WARN_SUSPICIOUS_MOVES = YES;
				CLANG_WARN_UNREACHABLE_CODE = YES;
				CLANG_WARN__DUPLICATE_METHOD_MATCH = YES;
				"CODE_SIGN_IDENTITY[sdk=iphoneos*]" = "iPhone Developer";
				COPY_PHASE_STRIP = NO;
				DEBUG_INFORMATION_FORMAT = dwarf;
				ENABLE_STRICT_OBJC_MSGSEND = YES;
				ENABLE_TESTABILITY = YES;
				GCC_C_LANGUAGE_STANDARD = gnu99;
				GCC_DYNAMIC_NO_PIC = NO;
				GCC_NO_COMMON_BLOCKS = YES;
				GCC_OPTIMIZATION_LEVEL = 0;
				GCC_PREPROCESSOR_DEFINITIONS = (
					"DEBUG=1",
					"$(inherited)",
				);
				GCC_WARN_64_TO_32_BIT_CONVERSION = YES;
				GCC_WARN_ABOUT_RETURN_TYPE = YES_ERROR;
				GCC_WARN_UNDECLARED_SELECTOR = YES;
				GCC_WARN_UNINITIALIZED_AUTOS = YES_AGGRESSIVE;
				GCC_WARN_UNUSED_FUNCTION = YES;
				GCC_WARN_UNUSED_VARIABLE = YES;
				IPHONEOS_DEPLOYMENT_TARGET = 10.0;
				MTL_ENABLE_DEBUG_INFO = YES;
				ONLY_ACTIVE_ARCH = YES;
				SDKROOT = iphoneos;
				SWIFT_ACTIVE_COMPILATION_CONDITIONS = DEBUG;
				SWIFT_OPTIMIZATION_LEVEL = "-Onone";
			};
			name = Debug;
		};
		EFD7CC361DDCDE790041FB72 /* Release */ = {
			isa = XCBuildConfiguration;
			buildSettings = {
				ALWAYS_SEARCH_USER_PATHS = NO;
				CLANG_ANALYZER_NONNULL = YES;
				CLANG_CXX_LANGUAGE_STANDARD = "gnu++0x";
				CLANG_CXX_LIBRARY = "libc++";
				CLANG_ENABLE_MODULES = YES;
				CLANG_ENABLE_OBJC_ARC = YES;
				CLANG_WARN_BOOL_CONVERSION = YES;
				CLANG_WARN_CONSTANT_CONVERSION = YES;
				CLANG_WARN_DIRECT_OBJC_ISA_USAGE = YES_ERROR;
				CLANG_WARN_DOCUMENTATION_COMMENTS = YES;
				CLANG_WARN_EMPTY_BODY = YES;
				CLANG_WARN_ENUM_CONVERSION = YES;
				CLANG_WARN_INFINITE_RECURSION = YES;
				CLANG_WARN_INT_CONVERSION = YES;
				CLANG_WARN_OBJC_ROOT_CLASS = YES_ERROR;
				CLANG_WARN_SUSPICIOUS_MOVES = YES;
				CLANG_WARN_UNREACHABLE_CODE = YES;
				CLANG_WARN__DUPLICATE_METHOD_MATCH = YES;
				"CODE_SIGN_IDENTITY[sdk=iphoneos*]" = "iPhone Developer";
				COPY_PHASE_STRIP = NO;
				DEBUG_INFORMATION_FORMAT = "dwarf-with-dsym";
				ENABLE_NS_ASSERTIONS = NO;
				ENABLE_STRICT_OBJC_MSGSEND = YES;
				GCC_C_LANGUAGE_STANDARD = gnu99;
				GCC_NO_COMMON_BLOCKS = YES;
				GCC_WARN_64_TO_32_BIT_CONVERSION = YES;
				GCC_WARN_ABOUT_RETURN_TYPE = YES_ERROR;
				GCC_WARN_UNDECLARED_SELECTOR = YES;
				GCC_WARN_UNINITIALIZED_AUTOS = YES_AGGRESSIVE;
				GCC_WARN_UNUSED_FUNCTION = YES;
				GCC_WARN_UNUSED_VARIABLE = YES;
				IPHONEOS_DEPLOYMENT_TARGET = 10.0;
				MTL_ENABLE_DEBUG_INFO = NO;
				SDKROOT = iphoneos;
				SWIFT_OPTIMIZATION_LEVEL = "-Owholemodule";
				VALIDATE_PRODUCT = YES;
			};
			name = Release;
		};
		EFD7CC381DDCDE790041FB72 /* Debug */ = {
			isa = XCBuildConfiguration;
			buildSettings = {
				ASSETCATALOG_COMPILER_APPICON_NAME = AppIcon;
				INFOPLIST_FILE = SmartCalculator/Info.plist;
				LD_RUNPATH_SEARCH_PATHS = "$(inherited) @executable_path/Frameworks";
				PRODUCT_BUNDLE_IDENTIFIER = com.samL.SmartCalculator;
				PRODUCT_NAME = "$(TARGET_NAME)";
				SWIFT_VERSION = 3.0;
			};
			name = Debug;
		};
		EFD7CC391DDCDE790041FB72 /* Release */ = {
			isa = XCBuildConfiguration;
			buildSettings = {
				ASSETCATALOG_COMPILER_APPICON_NAME = AppIcon;
				INFOPLIST_FILE = SmartCalculator/Info.plist;
				LD_RUNPATH_SEARCH_PATHS = "$(inherited) @executable_path/Frameworks";
				PRODUCT_BUNDLE_IDENTIFIER = com.samL.SmartCalculator;
				PRODUCT_NAME = "$(TARGET_NAME)";
				SWIFT_VERSION = 3.0;
			};
			name = Release;
		};
/* End XCBuildConfiguration section */

/* Begin XCConfigurationList section */
		EFD7CC201DDCDE790041FB72 /* Build configuration list for PBXProject "SmartCalculator" */ = {
			isa = XCConfigurationList;
			buildConfigurations = (
				EFD7CC351DDCDE790041FB72 /* Debug */,
				EFD7CC361DDCDE790041FB72 /* Release */,
			);
			defaultConfigurationIsVisible = 0;
			defaultConfigurationName = Release;
		};
		EFD7CC371DDCDE790041FB72 /* Build configuration list for PBXNativeTarget "SmartCalculator" */ = {
			isa = XCConfigurationList;
			buildConfigurations = (
				EFD7CC381DDCDE790041FB72 /* Debug */,
				EFD7CC391DDCDE790041FB72 /* Release */,
			);
			defaultConfigurationIsVisible = 0;
			defaultConfigurationName = Release;
		};
/* End XCConfigurationList section */
	};
	rootObject = EFD7CC1D1DDCDE790041FB72 /* Project object */;
}
